// !$*UTF8*$!
{
	archiveVersion = 1;
	classes = {
	};
	objectVersion = 46;
	objects = {

/* Begin PBXBuildFile section */
		4CF54AC1165CBE98004BF8A9 /* UIKit.framework in Frameworks */ = {isa = PBXBuildFile; fileRef = 4CF54AC0165CBE98004BF8A9 /* UIKit.framework */; };
		4CF54AC3165CBE98004BF8A9 /* Foundation.framework in Frameworks */ = {isa = PBXBuildFile; fileRef = 4CF54AC2165CBE98004BF8A9 /* Foundation.framework */; };
		4CF54AC5165CBE98004BF8A9 /* CoreGraphics.framework in Frameworks */ = {isa = PBXBuildFile; fileRef = 4CF54AC4165CBE98004BF8A9 /* CoreGraphics.framework */; };
		4CF54ACB165CBE98004BF8A9 /* InfoPlist.strings in Resources */ = {isa = PBXBuildFile; fileRef = 4CF54AC9165CBE98004BF8A9 /* InfoPlist.strings */; };
		4CF54ACD165CBE98004BF8A9 /* main.m in Sources */ = {isa = PBXBuildFile; fileRef = 4CF54ACC165CBE98004BF8A9 /* main.m */; };
		4CF54AD1165CBE98004BF8A9 /* DAppDelegate.m in Sources */ = {isa = PBXBuildFile; fileRef = 4CF54AD0165CBE98004BF8A9 /* DAppDelegate.m */; };
		4CF54AD3165CBE98004BF8A9 /* Default.png in Resources */ = {isa = PBXBuildFile; fileRef = 4CF54AD2165CBE98004BF8A9 /* Default.png */; };
		4CF54AD5165CBE98004BF8A9 /* Default@2x.png in Resources */ = {isa = PBXBuildFile; fileRef = 4CF54AD4165CBE98004BF8A9 /* Default@2x.png */; };
		4CF54AD7165CBE98004BF8A9 /* Default-568h@2x.png in Resources */ = {isa = PBXBuildFile; fileRef = 4CF54AD6165CBE98004BF8A9 /* Default-568h@2x.png */; };
		4CF54ADA165CBE99004BF8A9 /* MainStoryboard_iPhone.storyboard in Resources */ = {isa = PBXBuildFile; fileRef = 4CF54AD8165CBE99004BF8A9 /* MainStoryboard_iPhone.storyboard */; };
		4CF54ADD165CBE99004BF8A9 /* MainStoryboard_iPad.storyboard in Resources */ = {isa = PBXBuildFile; fileRef = 4CF54ADB165CBE99004BF8A9 /* MainStoryboard_iPad.storyboard */; };
		4CF54AE0165CBE99004BF8A9 /* DViewController.m in Sources */ = {isa = PBXBuildFile; fileRef = 4CF54ADF165CBE99004BF8A9 /* DViewController.m */; };
		4CF54AE7165CBF83004BF8A9 /* libBump.a in Frameworks */ = {isa = PBXBuildFile; fileRef = 4CF54AE6165CBF83004BF8A9 /* libBump.a */; };
		4CF54AEA165CC202004BF8A9 /* AudioToolbox.framework in Frameworks */ = {isa = PBXBuildFile; fileRef = 4CF54AE9165CC202004BF8A9 /* AudioToolbox.framework */; };
		4CF54AEC165CC213004BF8A9 /* CoreLocation.framework in Frameworks */ = {isa = PBXBuildFile; fileRef = 4CF54AEB165CC213004BF8A9 /* CoreLocation.framework */; };
		4CF54AEE165CC223004BF8A9 /* CFNetwork.framework in Frameworks */ = {isa = PBXBuildFile; fileRef = 4CF54AED165CC223004BF8A9 /* CFNetwork.framework */; };
/* End PBXBuildFile section */

/* Begin PBXFileReference section */
		4CF54ABC165CBE98004BF8A9 /* BumpApp.app */ = {isa = PBXFileReference; explicitFileType = wrapper.application; includeInIndex = 0; path = BumpApp.app; sourceTree = BUILT_PRODUCTS_DIR; };
		4CF54AC0165CBE98004BF8A9 /* UIKit.framework */ = {isa = PBXFileReference; lastKnownFileType = wrapper.framework; name = UIKit.framework; path = System/Library/Frameworks/UIKit.framework; sourceTree = SDKROOT; };
		4CF54AC2165CBE98004BF8A9 /* Foundation.framework */ = {isa = PBXFileReference; lastKnownFileType = wrapper.framework; name = Foundation.framework; path = System/Library/Frameworks/Foundation.framework; sourceTree = SDKROOT; };
		4CF54AC4165CBE98004BF8A9 /* CoreGraphics.framework */ = {isa = PBXFileReference; lastKnownFileType = wrapper.framework; name = CoreGraphics.framework; path = System/Library/Frameworks/CoreGraphics.framework; sourceTree = SDKROOT; };
		4CF54AC8165CBE98004BF8A9 /* BumpApp-Info.plist */ = {isa = PBXFileReference; lastKnownFileType = text.plist.xml; path = "BumpApp-Info.plist"; sourceTree = "<group>"; };
		4CF54ACA165CBE98004BF8A9 /* en */ = {isa = PBXFileReference; lastKnownFileType = text.plist.strings; name = en; path = en.lproj/InfoPlist.strings; sourceTree = "<group>"; };
		4CF54ACC165CBE98004BF8A9 /* main.m */ = {isa = PBXFileReference; lastKnownFileType = sourcecode.c.objc; path = main.m; sourceTree = "<group>"; };
		4CF54ACE165CBE98004BF8A9 /* BumpApp-Prefix.pch */ = {isa = PBXFileReference; lastKnownFileType = sourcecode.c.h; path = "BumpApp-Prefix.pch"; sourceTree = "<group>"; };
		4CF54ACF165CBE98004BF8A9 /* DAppDelegate.h */ = {isa = PBXFileReference; lastKnownFileType = sourcecode.c.h; path = DAppDelegate.h; sourceTree = "<group>"; };
		4CF54AD0165CBE98004BF8A9 /* DAppDelegate.m */ = {isa = PBXFileReference; lastKnownFileType = sourcecode.c.objc; path = DAppDelegate.m; sourceTree = "<group>"; };
		4CF54AD2165CBE98004BF8A9 /* Default.png */ = {isa = PBXFileReference; lastKnownFileType = image.png; path = Default.png; sourceTree = "<group>"; };
		4CF54AD4165CBE98004BF8A9 /* Default@2x.png */ = {isa = PBXFileReference; lastKnownFileType = image.png; path = "Default@2x.png"; sourceTree = "<group>"; };
		4CF54AD6165CBE98004BF8A9 /* Default-568h@2x.png */ = {isa = PBXFileReference; lastKnownFileType = image.png; path = "Default-568h@2x.png"; sourceTree = "<group>"; };
		4CF54AD9165CBE99004BF8A9 /* en */ = {isa = PBXFileReference; lastKnownFileType = file.storyboard; name = en; path = en.lproj/MainStoryboard_iPhone.storyboard; sourceTree = "<group>"; };
		4CF54ADC165CBE99004BF8A9 /* en */ = {isa = PBXFileReference; lastKnownFileType = file.storyboard; name = en; path = en.lproj/MainStoryboard_iPad.storyboard; sourceTree = "<group>"; };
		4CF54ADE165CBE99004BF8A9 /* DViewController.h */ = {isa = PBXFileReference; lastKnownFileType = sourcecode.c.h; path = DViewController.h; sourceTree = "<group>"; };
		4CF54ADF165CBE99004BF8A9 /* DViewController.m */ = {isa = PBXFileReference; lastKnownFileType = sourcecode.c.objc; path = DViewController.m; sourceTree = "<group>"; };
		4CF54AE6165CBF83004BF8A9 /* libBump.a */ = {isa = PBXFileReference; lastKnownFileType = archive.ar; path = libBump.a; sourceTree = "<group>"; };
		4CF54AE8165CBF91004BF8A9 /* BumpClient.h */ = {isa = PBXFileReference; lastKnownFileType = sourcecode.c.h; path = BumpClient.h; sourceTree = "<group>"; };
		4CF54AE9165CC202004BF8A9 /* AudioToolbox.framework */ = {isa = PBXFileReference; lastKnownFileType = wrapper.framework; name = AudioToolbox.framework; path = System/Library/Frameworks/AudioToolbox.framework; sourceTree = SDKROOT; };
		4CF54AEB165CC213004BF8A9 /* CoreLocation.framework */ = {isa = PBXFileReference; lastKnownFileType = wrapper.framework; name = CoreLocation.framework; path = System/Library/Frameworks/CoreLocation.framework; sourceTree = SDKROOT; };
		4CF54AED165CC223004BF8A9 /* CFNetwork.framework */ = {isa = PBXFileReference; lastKnownFileType = wrapper.framework; name = CFNetwork.framework; path = System/Library/Frameworks/CFNetwork.framework; sourceTree = SDKROOT; };
/* End PBXFileReference section */

/* Begin PBXFrameworksBuildPhase section */
		4CF54AB9165CBE98004BF8A9 /* Frameworks */ = {
			isa = PBXFrameworksBuildPhase;
			buildActionMask = 2147483647;
			files = (
				4CF54AEE165CC223004BF8A9 /* CFNetwork.framework in Frameworks */,
				4CF54AEC165CC213004BF8A9 /* CoreLocation.framework in Frameworks */,
				4CF54AEA165CC202004BF8A9 /* AudioToolbox.framework in Frameworks */,
				4CF54AC1165CBE98004BF8A9 /* UIKit.framework in Frameworks */,
				4CF54AC3165CBE98004BF8A9 /* Foundation.framework in Frameworks */,
				4CF54AC5165CBE98004BF8A9 /* CoreGraphics.framework in Frameworks */,
				4CF54AE7165CBF83004BF8A9 /* libBump.a in Frameworks */,
			);
			runOnlyForDeploymentPostprocessing = 0;
		};
/* End PBXFrameworksBuildPhase section */

/* Begin PBXGroup section */
		4CF54AB1165CBE98004BF8A9 = {
			isa = PBXGroup;
			children = (
				4CF54AED165CC223004BF8A9 /* CFNetwork.framework */,
				4CF54AEB165CC213004BF8A9 /* CoreLocation.framework */,
				4CF54AE9165CC202004BF8A9 /* AudioToolbox.framework */,
				4CF54AC6165CBE98004BF8A9 /* BumpApp */,
				4CF54ABF165CBE98004BF8A9 /* Frameworks */,
				4CF54ABD165CBE98004BF8A9 /* Products */,
			);
			sourceTree = "<group>";
		};
		4CF54ABD165CBE98004BF8A9 /* Products */ = {
			isa = PBXGroup;
			children = (
				4CF54ABC165CBE98004BF8A9 /* BumpApp.app */,
			);
			name = Products;
			sourceTree = "<group>";
		};
		4CF54ABF165CBE98004BF8A9 /* Frameworks */ = {
			isa = PBXGroup;
			children = (
				4CF54AC0165CBE98004BF8A9 /* UIKit.framework */,
				4CF54AC2165CBE98004BF8A9 /* Foundation.framework */,
				4CF54AC4165CBE98004BF8A9 /* CoreGraphics.framework */,
			);
			name = Frameworks;
			sourceTree = "<group>";
		};
		4CF54AC6165CBE98004BF8A9 /* BumpApp */ = {
			isa = PBXGroup;
			children = (
				4CF54AE6165CBF83004BF8A9 /* libBump.a */,
				4CF54AE8165CBF91004BF8A9 /* BumpClient.h */,
				4CF54ACF165CBE98004BF8A9 /* DAppDelegate.h */,
				4CF54AD0165CBE98004BF8A9 /* DAppDelegate.m */,
				4CF54AD8165CBE99004BF8A9 /* MainStoryboard_iPhone.storyboard */,
				4CF54ADB165CBE99004BF8A9 /* MainStoryboard_iPad.storyboard */,
				4CF54ADE165CBE99004BF8A9 /* DViewController.h */,
				4CF54ADF165CBE99004BF8A9 /* DViewController.m */,
				4CF54AC7165CBE98004BF8A9 /* Supporting Files */,
			);
			path = BumpApp;
			sourceTree = "<group>";
		};
		4CF54AC7165CBE98004BF8A9 /* Supporting Files */ = {
			isa = PBXGroup;
			children = (
				4CF54AC8165CBE98004BF8A9 /* BumpApp-Info.plist */,
				4CF54AC9165CBE98004BF8A9 /* InfoPlist.strings */,
				4CF54ACC165CBE98004BF8A9 /* main.m */,
				4CF54ACE165CBE98004BF8A9 /* BumpApp-Prefix.pch */,
				4CF54AD2165CBE98004BF8A9 /* Default.png */,
				4CF54AD4165CBE98004BF8A9 /* Default@2x.png */,
				4CF54AD6165CBE98004BF8A9 /* Default-568h@2x.png */,
			);
			name = "Supporting Files";
			sourceTree = "<group>";
		};
/* End PBXGroup section */

/* Begin PBXNativeTarget section */
		4CF54ABB165CBE98004BF8A9 /* BumpApp */ = {
			isa = PBXNativeTarget;
			buildConfigurationList = 4CF54AE3165CBE99004BF8A9 /* Build configuration list for PBXNativeTarget "BumpApp" */;
			buildPhases = (
				4CF54AB8165CBE98004BF8A9 /* Sources */,
				4CF54AB9165CBE98004BF8A9 /* Frameworks */,
				4CF54ABA165CBE98004BF8A9 /* Resources */,
			);
			buildRules = (
			);
			dependencies = (
			);
			name = BumpApp;
			productName = BumpApp;
			productReference = 4CF54ABC165CBE98004BF8A9 /* BumpApp.app */;
			productType = "com.apple.product-type.application";
		};
/* End PBXNativeTarget section */

/* Begin PBXProject section */
		4CF54AB3165CBE98004BF8A9 /* Project object */ = {
			isa = PBXProject;
			attributes = {
				CLASSPREFIX = D;
				LastUpgradeCheck = 0450;
				ORGANIZATIONNAME = "Darshan Sonde";
			};
			buildConfigurationList = 4CF54AB6165CBE98004BF8A9 /* Build configuration list for PBXProject "BumpApp" */;
			compatibilityVersion = "Xcode 3.2";
			developmentRegion = English;
			hasScannedForEncodings = 0;
			knownRegions = (
				en,
			);
			mainGroup = 4CF54AB1165CBE98004BF8A9;
			productRefGroup = 4CF54ABD165CBE98004BF8A9 /* Products */;
			projectDirPath = "";
			projectRoot = "";
			targets = (
				4CF54ABB165CBE98004BF8A9 /* BumpApp */,
			);
		};
/* End PBXProject section */

/* Begin PBXResourcesBuildPhase section */
		4CF54ABA165CBE98004BF8A9 /* Resources */ = {
			isa = PBXResourcesBuildPhase;
			buildActionMask = 2147483647;
			files = (
				4CF54ACB165CBE98004BF8A9 /* InfoPlist.strings in Resources */,
				4CF54AD3165CBE98004BF8A9 /* Default.png in Resources */,
				4CF54AD5165CBE98004BF8A9 /* Default@2x.png in Resources */,
				4CF54AD7165CBE98004BF8A9 /* Default-568h@2x.png in Resources */,
				4CF54ADA165CBE99004BF8A9 /* MainStoryboard_iPhone.storyboard in Resources */,
				4CF54ADD165CBE99004BF8A9 /* MainStoryboard_iPad.storyboard in Resources */,
			);
			runOnlyForDeploymentPostprocessing = 0;
		};
/* End PBXResourcesBuildPhase section */

/* Begin PBXSourcesBuildPhase section */
		4CF54AB8165CBE98004BF8A9 /* Sources */ = {
			isa = PBXSourcesBuildPhase;
			buildActionMask = 2147483647;
			files = (
				4CF54ACD165CBE98004BF8A9 /* main.m in Sources */,
				4CF54AD1165CBE98004BF8A9 /* DAppDelegate.m in Sources */,
				4CF54AE0165CBE99004BF8A9 /* DViewController.m in Sources */,
			);
			runOnlyForDeploymentPostprocessing = 0;
		};
/* End PBXSourcesBuildPhase section */

/* Begin PBXVariantGroup section */
		4CF54AC9165CBE98004BF8A9 /* InfoPlist.strings */ = {
			isa = PBXVariantGroup;
			children = (
				4CF54ACA165CBE98004BF8A9 /* en */,
			);
			name = InfoPlist.strings;
			sourceTree = "<group>";
		};
		4CF54AD8165CBE99004BF8A9 /* MainStoryboard_iPhone.storyboard */ = {
			isa = PBXVariantGroup;
			children = (
				4CF54AD9165CBE99004BF8A9 /* en */,
			);
			name = MainStoryboard_iPhone.storyboard;
			sourceTree = "<group>";
		};
		4CF54ADB165CBE99004BF8A9 /* MainStoryboard_iPad.storyboard */ = {
			isa = PBXVariantGroup;
			children = (
				4CF54ADC165CBE99004BF8A9 /* en */,
			);
			name = MainStoryboard_iPad.storyboard;
			sourceTree = "<group>";
		};
/* End PBXVariantGroup section */

/* Begin XCBuildConfiguration section */
		4CF54AE1165CBE99004BF8A9 /* Debug */ = {
			isa = XCBuildConfiguration;
			buildSettings = {
				ALWAYS_SEARCH_USER_PATHS = NO;
				CLANG_CXX_LANGUAGE_STANDARD = "gnu++0x";
				CLANG_CXX_LIBRARY = "libc++";
				CLANG_ENABLE_OBJC_ARC = YES;
				CLANG_WARN_EMPTY_BODY = YES;
				CLANG_WARN__DUPLICATE_METHOD_MATCH = YES;
				"CODE_SIGN_IDENTITY[sdk=iphoneos*]" = "iPhone Developer";
				COPY_PHASE_STRIP = NO;
				GCC_C_LANGUAGE_STANDARD = gnu99;
				GCC_DYNAMIC_NO_PIC = NO;
				GCC_OPTIMIZATION_LEVEL = 0;
				GCC_PREPROCESSOR_DEFINITIONS = (
					"DEBUG=1",
					"$(inherited)",
				);
				GCC_SYMBOLS_PRIVATE_EXTERN = NO;
				GCC_WARN_ABOUT_RETURN_TYPE = YES;
				GCC_WARN_UNINITIALIZED_AUTOS = YES;
				GCC_WARN_UNUSED_VARIABLE = YES;
				IPHONEOS_DEPLOYMENT_TARGET = 5.0;
				SDKROOT = iphoneos;
				TARGETED_DEVICE_FAMILY = "1,2";
			};
			name = Debug;
		};
		4CF54AE2165CBE99004BF8A9 /* Release */ = {
			isa = XCBuildConfiguration;
			buildSettings = {
				ALWAYS_SEARCH_USER_PATHS = NO;
				CLANG_CXX_LANGUAGE_STANDARD = "gnu++0x";
				CLANG_CXX_LIBRARY = "libc++";
				CLANG_ENABLE_OBJC_ARC = YES;
				CLANG_WARN_EMPTY_BODY = YES;
				CLANG_WARN__DUPLICATE_METHOD_MATCH = YES;
				"CODE_SIGN_IDENTITY[sdk=iphoneos*]" = "iPhone Developer";
				COPY_PHASE_STRIP = YES;
				GCC_C_LANGUAGE_STANDARD = gnu99;
				GCC_WARN_ABOUT_RETURN_TYPE = YES;
				GCC_WARN_UNINITIALIZED_AUTOS = YES;
				GCC_WARN_UNUSED_VARIABLE = YES;
				IPHONEOS_DEPLOYMENT_TARGET = 5.0;
				OTHER_CFLAGS = "-DNS_BLOCK_ASSERTIONS=1";
				SDKROOT = iphoneos;
				TARGETED_DEVICE_FAMILY = "1,2";
				VALIDATE_PRODUCT = YES;
			};
			name = Release;
		};
		4CF54AE4165CBE99004BF8A9 /* Debug */ = {
			isa = XCBuildConfiguration;
			buildSettings = {
				ARCHS = armv7;
				GCC_PRECOMPILE_PREFIX_HEADER = YES;
				GCC_PREFIX_HEADER = "BumpApp/BumpApp-Prefix.pch";
				INFOPLIST_FILE = "BumpApp/BumpApp-Info.plist";
				LIBRARY_SEARCH_PATHS = (
					"$(inherited)",
					"\"$(SRCROOT)/BumpApp\"",
				);
				ONLY_ACTIVE_ARCH = YES;
				PRODUCT_NAME = "$(TARGET_NAME)";
				WRAPPER_EXTENSION = app;
			};
			name = Debug;
		};
		4CF54AE5165CBE99004BF8A9 /* Release */ = {
			isa = XCBuildConfiguration;
			buildSettings = {
				ARCHS = armv7;
				GCC_PRECOMPILE_PREFIX_HEADER = YES;
				GCC_PREFIX_HEADER = "BumpApp/BumpApp-Prefix.pch";
				INFOPLIST_FILE = "BumpApp/BumpApp-Info.plist";
				LIBRARY_SEARCH_PATHS = (
					"$(inherited)",
					"\"$(SRCROOT)/BumpApp\"",
				);
				ONLY_ACTIVE_ARCH = YES;
				PRODUCT_NAME = "$(TARGET_NAME)";
				WRAPPER_EXTENSION = app;
			};
			name = Release;
		};
/* End XCBuildConfiguration section */

/* Begin XCConfigurationList section */
		4CF54AB6165CBE98004BF8A9 /* Build configuration list for PBXProject "BumpApp" */ = {
			isa = XCConfigurationList;
			buildConfigurations = (
				4CF54AE1165CBE99004BF8A9 /* Debug */,
				4CF54AE2165CBE99004BF8A9 /* Release */,
			);
			defaultConfigurationIsVisible = 0;
			defaultConfigurationName = Release;
		};
		4CF54AE3165CBE99004BF8A9 /* Build configuration list for PBXNativeTarget "BumpApp" */ = {
			isa = XCConfigurationList;
			buildConfigurations = (
				4CF54AE4165CBE99004BF8A9 /* Debug */,
				4CF54AE5165CBE99004BF8A9 /* Release */,
			);
			defaultConfigurationIsVisible = 0;
		};
/* End XCConfigurationList section */
	};
	rootObject = 4CF54AB3165CBE98004BF8A9 /* Project object */;
}
